
Microsoft Visual Studio Solution File, Format Version 12.00
# Visual Studio 14
VisualStudioVersion = 14.0.25420.1
MinimumVisualStudioVersion = 10.0.40219.1
Project("{FAE04EC0-301F-11D3-BF4B-00C04F79EFBC}") = "CoffeeShop", "CoffeeShop\CoffeeShop.csproj", "{F7EF8580-27E1-4788-932F-73DCE8DDE687}"
EndProject
Project("{FAE04EC0-301F-11D3-BF4B-00C04F79EFBC}") = "WcfServiceApp", "WcfServiceApp\WcfServiceApp.csproj", "{F2B54A1F-FD9C-4B8B-976A-6148803210A2}"
EndProject
Project("{FAE04EC0-301F-11D3-BF4B-00C04F79EFBC}") = "WcfServiceClient", "WcfServiceClient\WcfServiceClient.csproj", "{CF0EEB08-7A71-4DC5-8A73-2F1787EF3CEF}"
	ProjectSection(ProjectDependencies) = postProject
		{F2B54A1F-FD9C-4B8B-976A-6148803210A2} = {F2B54A1F-FD9C-4B8B-976A-6148803210A2}
	EndProjectSection
EndProject
Project("{8BB2217D-0F2D-49D1-97BC-3654ED321F3B}") = "CoreDIWeb", "CoreDIWeb\CoreDIWeb.xproj", "{F814B4BD-49E3-4A88-BEFE-6155432700C2}"
EndProject
Project("{FAE04EC0-301F-11D3-BF4B-00C04F79EFBC}") = "ComponentUI", "ComponentUI\ComponentUI.csproj", "{9CB15362-AFBD-4290-B5DD-91A46EF1FE22}"
EndProject
Project("{FAE04EC0-301F-11D3-BF4B-00C04F79EFBC}") = "ComponentBiz", "ComponentBiz\ComponentBiz.csproj", "{D99F38D2-FBF3-49FC-BE44-F559EA42CBEE}"
EndProject
Project("{FAE04EC0-301F-11D3-BF4B-00C04F79EFBC}") = "DemoRunComponent", "DemoRunComponent\DemoRunComponent.csproj", "{A39787D4-82EE-4359-A6BB-AB245024BBCC}"
EndProject
Global
	GlobalSection(SolutionConfigurationPlatforms) = preSolution
		Debug|Any CPU = Debug|Any CPU
		Release|Any CPU = Release|Any CPU
	EndGlobalSection
	GlobalSection(ProjectConfigurationPlatforms) = postSolution
		{F7EF8580-27E1-4788-932F-73DCE8DDE687}.Debug|Any CPU.ActiveCfg = Debug|Any CPU
		{F7EF8580-27E1-4788-932F-73DCE8DDE687}.Debug|Any CPU.Build.0 = Debug|Any CPU
		{F7EF8580-27E1-4788-932F-73DCE8DDE687}.Release|Any CPU.ActiveCfg = Release|Any CPU
		{F7EF8580-27E1-4788-932F-73DCE8DDE687}.Release|Any CPU.Build.0 = Release|Any CPU
		{F2B54A1F-FD9C-4B8B-976A-6148803210A2}.Debug|Any CPU.ActiveCfg = Debug|Any CPU
		{F2B54A1F-FD9C-4B8B-976A-6148803210A2}.Debug|Any CPU.Build.0 = Debug|Any CPU
		{F2B54A1F-FD9C-4B8B-976A-6148803210A2}.Release|Any CPU.ActiveCfg = Release|Any CPU
		{F2B54A1F-FD9C-4B8B-976A-6148803210A2}.Release|Any CPU.Build.0 = Release|Any CPU
		{CF0EEB08-7A71-4DC5-8A73-2F1787EF3CEF}.Debug|Any CPU.ActiveCfg = Debug|Any CPU
		{CF0EEB08-7A71-4DC5-8A73-2F1787EF3CEF}.Debug|Any CPU.Build.0 = Debug|Any CPU
		{CF0EEB08-7A71-4DC5-8A73-2F1787EF3CEF}.Release|Any CPU.ActiveCfg = Release|Any CPU
		{CF0EEB08-7A71-4DC5-8A73-2F1787EF3CEF}.Release|Any CPU.Build.0 = Release|Any CPU
		{F814B4BD-49E3-4A88-BEFE-6155432700C2}.Debug|Any CPU.ActiveCfg = Debug|Any CPU
		{F814B4BD-49E3-4A88-BEFE-6155432700C2}.Debug|Any CPU.Build.0 = Debug|Any CPU
		{F814B4BD-49E3-4A88-BEFE-6155432700C2}.Release|Any CPU.ActiveCfg = Release|Any CPU
		{F814B4BD-49E3-4A88-BEFE-6155432700C2}.Release|Any CPU.Build.0 = Release|Any CPU
		{9CB15362-AFBD-4290-B5DD-91A46EF1FE22}.Debug|Any CPU.ActiveCfg = Debug|Any CPU
		{9CB15362-AFBD-4290-B5DD-91A46EF1FE22}.Debug|Any CPU.Build.0 = Debug|Any CPU
		{9CB15362-AFBD-4290-B5DD-91A46EF1FE22}.Release|Any CPU.ActiveCfg = Release|Any CPU
		{9CB15362-AFBD-4290-B5DD-91A46EF1FE22}.Release|Any CPU.Build.0 = Release|Any CPU
		{D99F38D2-FBF3-49FC-BE44-F559EA42CBEE}.Debug|Any CPU.ActiveCfg = Debug|Any CPU
		{D99F38D2-FBF3-49FC-BE44-F559EA42CBEE}.Debug|Any CPU.Build.0 = Debug|Any CPU
		{D99F38D2-FBF3-49FC-BE44-F559EA42CBEE}.Release|Any CPU.ActiveCfg = Release|Any CPU
		{D99F38D2-FBF3-49FC-BE44-F559EA42CBEE}.Release|Any CPU.Build.0 = Release|Any CPU
		{A39787D4-82EE-4359-A6BB-AB245024BBCC}.Debug|Any CPU.ActiveCfg = Debug|Any CPU
		{A39787D4-82EE-4359-A6BB-AB245024BBCC}.Debug|Any CPU.Build.0 = Debug|Any CPU
		{A39787D4-82EE-4359-A6BB-AB245024BBCC}.Release|Any CPU.ActiveCfg = Release|Any CPU
		{A39787D4-82EE-4359-A6BB-AB245024BBCC}.Release|Any CPU.Build.0 = Release|Any CPU
	EndGlobalSection
	GlobalSection(SolutionProperties) = preSolution
		HideSolutionNode = FALSE
	EndGlobalSection
EndGlobal
